
Microsoft Visual Studio Solution File, Format Version 12.00
# Visual Studio 15
VisualStudioVersion = 15.0.28010.2016
MinimumVisualStudioVersion = 10.0.40219.1
Project("{FAE04EC0-301F-11D3-BF4B-00C04F79EFBC}") = "Steeltoe.Redis.Session.Sample", "Steeltoe.Redis.Session.Sample\Steeltoe.Redis.Session.Sample.csproj", "{FCB9E719-710C-43F3-AEF1-6624C373C0D5}"
EndProject
Global
	GlobalSection(SolutionConfigurationPlatforms) = preSolution
		Debug|Any CPU = Debug|Any CPU
		Release|Any CPU = Release|Any CPU
	EndGlobalSection
	GlobalSection(ProjectConfigurationPlatforms) = postSolution
		{FCB9E719-710C-43F3-AEF1-6624C373C0D5}.Debug|Any CPU.ActiveCfg = Debug|Any CPU
		{FCB9E719-710C-43F3-AEF1-6624C373C0D5}.Debug|Any CPU.Build.0 = Debug|Any CPU
		{FCB9E719-710C-43F3-AEF1-6624C373C0D5}.Release|Any CPU.ActiveCfg = Release|Any CPU
		{FCB9E719-710C-43F3-AEF1-6624C373C0D5}.Release|Any CPU.Build.0 = Release|Any CPU
	EndGlobalSection
	GlobalSection(SolutionProperties) = preSolution
		HideSolutionNode = FALSE
	EndGlobalSection
	GlobalSection(ExtensibilityGlobals) = postSolution
		SolutionGuid = {550714CE-988F-44CF-86DE-54BC120C3A7B}
	EndGlobalSection
EndGlobal
